
Microsoft Visual Studio Solution File, Format Version 12.00
# Visual Studio Version 17
VisualStudioVersion = 17.11.35219.272
MinimumVisualStudioVersion = 10.0.40219.1
Project("{FAE04EC0-301F-11D3-BF4B-00C04F79EFBC}") = "debug_interface", "debug_interface.csproj", "{4F12E13F-A324-4E71-8003-DB2D5C8C4643}"
EndProject
Global
	GlobalSection(SolutionConfigurationPlatforms) = preSolution
		Debug|Any CPU = Debug|Any CPU
		Release|Any CPU = Release|Any CPU
	EndGlobalSection
	GlobalSection(ProjectConfigurationPlatforms) = postSolution
		{4F12E13F-A324-4E71-8003-DB2D5C8C4643}.Debug|Any CPU.ActiveCfg = Debug|Any CPU
		{4F12E13F-A324-4E71-8003-DB2D5C8C4643}.Debug|Any CPU.Build.0 = Debug|Any CPU
		{4F12E13F-A324-4E71-8003-DB2D5C8C4643}.Release|Any CPU.ActiveCfg = Release|Any CPU
		{4F12E13F-A324-4E71-8003-DB2D5C8C4643}.Release|Any CPU.Build.0 = Release|Any CPU
	EndGlobalSection
	GlobalSection(SolutionProperties) = preSolution
		HideSolutionNode = FALSE
	EndGlobalSection
	GlobalSection(ExtensibilityGlobals) = postSolution
		SolutionGuid = {2D394446-2C5E-440D-9F3A-09B7DFD3714A}
	EndGlobalSection
EndGlobal
