
Microsoft Visual Studio Solution File, Format Version 12.00
# Visual Studio Version 17
VisualStudioVersion = 17.8.34205.153
MinimumVisualStudioVersion = 10.0.40219.1
Project("{FAE04EC0-301F-11D3-BF4B-00C04F79EFBC}") = "Proto", "Proto.csproj", "{A99CA47D-7AAE-4F82-AD76-9F6C99FF4DD3}"
EndProject
Global
	GlobalSection(SolutionConfigurationPlatforms) = preSolution
		Debug|Any CPU = Debug|Any CPU
		Release|Any CPU = Release|Any CPU
	EndGlobalSection
	GlobalSection(ProjectConfigurationPlatforms) = postSolution
		{A99CA47D-7AAE-4F82-AD76-9F6C99FF4DD3}.Debug|Any CPU.ActiveCfg = Debug|Any CPU
		{A99CA47D-7AAE-4F82-AD76-9F6C99FF4DD3}.Debug|Any CPU.Build.0 = Debug|Any CPU
		{A99CA47D-7AAE-4F82-AD76-9F6C99FF4DD3}.Release|Any CPU.ActiveCfg = Release|Any CPU
		{A99CA47D-7AAE-4F82-AD76-9F6C99FF4DD3}.Release|Any CPU.Build.0 = Release|Any CPU
	EndGlobalSection
	GlobalSection(SolutionProperties) = preSolution
		HideSolutionNode = FALSE
	EndGlobalSection
	GlobalSection(ExtensibilityGlobals) = postSolution
		SolutionGuid = {AE95BC3D-1B4B-4A99-99AA-7B0AA226B10D}
	EndGlobalSection
EndGlobal
