
Microsoft Visual Studio Solution File, Format Version 12.00
# Visual Studio Version 17
VisualStudioVersion = 17.11.35222.181
MinimumVisualStudioVersion = 10.0.40219.1
Project("{9A19103F-16F7-4668-BE54-9A1E7A4F7556}") = "installer", "installer.csproj", "{F0F3EE3A-E592-47EA-929A-3B52F6047028}"
EndProject
Global
	GlobalSection(SolutionConfigurationPlatforms) = preSolution
		Debug|Any CPU = Debug|Any CPU
		Release|Any CPU = Release|Any CPU
	EndGlobalSection
	GlobalSection(ProjectConfigurationPlatforms) = postSolution
		{F0F3EE3A-E592-47EA-929A-3B52F6047028}.Debug|Any CPU.ActiveCfg = Release|Any CPU
		{F0F3EE3A-E592-47EA-929A-3B52F6047028}.Debug|Any CPU.Build.0 = Release|Any CPU
		{F0F3EE3A-E592-47EA-929A-3B52F6047028}.Debug|Any CPU.Deploy.0 = Release|Any CPU
		{F0F3EE3A-E592-47EA-929A-3B52F6047028}.Release|Any CPU.ActiveCfg = Release|Any CPU
		{F0F3EE3A-E592-47EA-929A-3B52F6047028}.Release|Any CPU.Build.0 = Release|Any CPU
		{F0F3EE3A-E592-47EA-929A-3B52F6047028}.Release|Any CPU.Deploy.0 = Release|Any CPU
	EndGlobalSection
	GlobalSection(SolutionProperties) = preSolution
		HideSolutionNode = FALSE
	EndGlobalSection
	GlobalSection(ExtensibilityGlobals) = postSolution
		SolutionGuid = {D73C21A1-5179-4364-8CCB-76A58DAB6406}
	EndGlobalSection
EndGlobal
